
Microsoft Visual Studio Solution File, Format Version 12.00
# Visual Studio Version 16
VisualStudioVersion = 16.0.30717.126
MinimumVisualStudioVersion = 10.0.40219.1
Project("{888888A0-9F3D-457C-B088-3A5042F75D52}") = "Adv of Code Day 4", "Adv of Code Day 4\Adv of Code Day 4.pyproj", "{B90FD6D5-1F28-4EC4-80FF-82BE90ACCDE2}"
EndProject
Global
	GlobalSection(SolutionConfigurationPlatforms) = preSolution
		Debug|Any CPU = Debug|Any CPU
		Release|Any CPU = Release|Any CPU
	EndGlobalSection
	GlobalSection(ProjectConfigurationPlatforms) = postSolution
		{B90FD6D5-1F28-4EC4-80FF-82BE90ACCDE2}.Debug|Any CPU.ActiveCfg = Debug|Any CPU
		{B90FD6D5-1F28-4EC4-80FF-82BE90ACCDE2}.Release|Any CPU.ActiveCfg = Release|Any CPU
	EndGlobalSection
	GlobalSection(SolutionProperties) = preSolution
		HideSolutionNode = FALSE
	EndGlobalSection
	GlobalSection(ExtensibilityGlobals) = postSolution
		SolutionGuid = {5BB0D565-88C1-4E97-B2D2-324F3A0DEBFA}
	EndGlobalSection
EndGlobal
